
Microsoft Visual Studio Solution File, Format Version 12.00
# Visual Studio Version 17
VisualStudioVersion = 17.4.33110.190
MinimumVisualStudioVersion = 10.0.40219.1
Project("{FAE04EC0-301F-11D3-BF4B-00C04F79EFBC}") = "HarmonicNum", "HarmonicNum.csproj", "{C57A068C-F11D-4FAA-8280-F8DAFFCF5D0A}"
EndProject
Global
	GlobalSection(SolutionConfigurationPlatforms) = preSolution
		Debug|Any CPU = Debug|Any CPU
		Release|Any CPU = Release|Any CPU
	EndGlobalSection
	GlobalSection(ProjectConfigurationPlatforms) = postSolution
		{C57A068C-F11D-4FAA-8280-F8DAFFCF5D0A}.Debug|Any CPU.ActiveCfg = Debug|Any CPU
		{C57A068C-F11D-4FAA-8280-F8DAFFCF5D0A}.Debug|Any CPU.Build.0 = Debug|Any CPU
		{C57A068C-F11D-4FAA-8280-F8DAFFCF5D0A}.Release|Any CPU.ActiveCfg = Release|Any CPU
		{C57A068C-F11D-4FAA-8280-F8DAFFCF5D0A}.Release|Any CPU.Build.0 = Release|Any CPU
	EndGlobalSection
	GlobalSection(SolutionProperties) = preSolution
		HideSolutionNode = FALSE
	EndGlobalSection
	GlobalSection(ExtensibilityGlobals) = postSolution
		SolutionGuid = {54AFECD2-87A6-497B-91AA-7C7AB3A1FCC4}
	EndGlobalSection
EndGlobal
