
Microsoft Visual Studio Solution File, Format Version 12.00
# Visual Studio Version 17
VisualStudioVersion = 17.4.33110.190
MinimumVisualStudioVersion = 10.0.40219.1
Project("{FAE04EC0-301F-11D3-BF4B-00C04F79EFBC}") = "Leapyear", "Leapyear.csproj", "{C7C294C6-037A-4F2A-8394-2BE0A2799E8F}"
EndProject
Global
	GlobalSection(SolutionConfigurationPlatforms) = preSolution
		Debug|Any CPU = Debug|Any CPU
		Release|Any CPU = Release|Any CPU
	EndGlobalSection
	GlobalSection(ProjectConfigurationPlatforms) = postSolution
		{C7C294C6-037A-4F2A-8394-2BE0A2799E8F}.Debug|Any CPU.ActiveCfg = Debug|Any CPU
		{C7C294C6-037A-4F2A-8394-2BE0A2799E8F}.Debug|Any CPU.Build.0 = Debug|Any CPU
		{C7C294C6-037A-4F2A-8394-2BE0A2799E8F}.Release|Any CPU.ActiveCfg = Release|Any CPU
		{C7C294C6-037A-4F2A-8394-2BE0A2799E8F}.Release|Any CPU.Build.0 = Release|Any CPU
	EndGlobalSection
	GlobalSection(SolutionProperties) = preSolution
		HideSolutionNode = FALSE
	EndGlobalSection
	GlobalSection(ExtensibilityGlobals) = postSolution
		SolutionGuid = {DCBF8FB3-86FC-4D6B-A8C5-0480778DD0F0}
	EndGlobalSection
EndGlobal
