
Microsoft Visual Studio Solution File, Format Version 12.00
# Visual Studio Version 17
VisualStudioVersion = 17.4.33110.190
MinimumVisualStudioVersion = 10.0.40219.1
Project("{FAE04EC0-301F-11D3-BF4B-00C04F79EFBC}") = "factors", "factors.csproj", "{3F8C707D-0BD3-4DC4-A970-9F84571484E7}"
EndProject
Global
	GlobalSection(SolutionConfigurationPlatforms) = preSolution
		Debug|Any CPU = Debug|Any CPU
		Release|Any CPU = Release|Any CPU
	EndGlobalSection
	GlobalSection(ProjectConfigurationPlatforms) = postSolution
		{3F8C707D-0BD3-4DC4-A970-9F84571484E7}.Debug|Any CPU.ActiveCfg = Debug|Any CPU
		{3F8C707D-0BD3-4DC4-A970-9F84571484E7}.Debug|Any CPU.Build.0 = Debug|Any CPU
		{3F8C707D-0BD3-4DC4-A970-9F84571484E7}.Release|Any CPU.ActiveCfg = Release|Any CPU
		{3F8C707D-0BD3-4DC4-A970-9F84571484E7}.Release|Any CPU.Build.0 = Release|Any CPU
	EndGlobalSection
	GlobalSection(SolutionProperties) = preSolution
		HideSolutionNode = FALSE
	EndGlobalSection
	GlobalSection(ExtensibilityGlobals) = postSolution
		SolutionGuid = {E4C9064C-C713-4366-BD23-6E550E49C435}
	EndGlobalSection
EndGlobal
